// !$*UTF8*$!
{
	archiveVersion = 1;
	classes = {
	};
	objectVersion = 46;
	objects = {

/* Begin PBXBuildFile section */
		7D46863E1CA5263A0089C336 /* main.m in Sources */ = {isa = PBXBuildFile; fileRef = 7D46863D1CA5263A0089C336 /* main.m */; };
		7D4686411CA5263A0089C336 /* AppDelegate.m in Sources */ = {isa = PBXBuildFile; fileRef = 7D4686401CA5263A0089C336 /* AppDelegate.m */; };
		7D4686441CA5263A0089C336 /* ViewController.m in Sources */ = {isa = PBXBuildFile; fileRef = 7D4686431CA5263A0089C336 /* ViewController.m */; };
		7D4686471CA5263A0089C336 /* Main.storyboard in Resources */ = {isa = PBXBuildFile; fileRef = 7D4686451CA5263A0089C336 /* Main.storyboard */; };
		7D4686491CA5263A0089C336 /* Assets.xcassets in Resources */ = {isa = PBXBuildFile; fileRef = 7D4686481CA5263A0089C336 /* Assets.xcassets */; };
		7D46864C1CA5263A0089C336 /* LaunchScreen.storyboard in Resources */ = {isa = PBXBuildFile; fileRef = 7D46864A1CA5263A0089C336 /* LaunchScreen.storyboard */; };
		7D4686571CA5263A0089C336 /* EBTRefreshViewDemoTests.m in Sources */ = {isa = PBXBuildFile; fileRef = 7D4686561CA5263A0089C336 /* EBTRefreshViewDemoTests.m */; };
		7D4686621CA5263A0089C336 /* EBTRefreshViewDemoUITests.m in Sources */ = {isa = PBXBuildFile; fileRef = 7D4686611CA5263A0089C336 /* EBTRefreshViewDemoUITests.m */; };
		7D4686721CA526DD0089C336 /* EBTRefreshView.m in Sources */ = {isa = PBXBuildFile; fileRef = 7D4686711CA526DD0089C336 /* EBTRefreshView.m */; };
/* End PBXBuildFile section */

/* Begin PBXContainerItemProxy section */
		7D4686531CA5263A0089C336 /* PBXContainerItemProxy */ = {
			isa = PBXContainerItemProxy;
			containerPortal = 7D4686311CA5263A0089C336 /* Project object */;
			proxyType = 1;
			remoteGlobalIDString = 7D4686381CA5263A0089C336;
			remoteInfo = EBTRefreshViewDemo;
		};
		7D46865E1CA5263A0089C336 /* PBXContainerItemProxy */ = {
			isa = PBXContainerItemProxy;
			containerPortal = 7D4686311CA5263A0089C336 /* Project object */;
			proxyType = 1;
			remoteGlobalIDString = 7D4686381CA5263A0089C336;
			remoteInfo = EBTRefreshViewDemo;
		};
/* End PBXContainerItemProxy section */

/* Begin PBXFileReference section */
		7D4686391CA5263A0089C336 /* EBTRefreshViewDemo.app */ = {isa = PBXFileReference; explicitFileType = wrapper.application; includeInIndex = 0; path = EBTRefreshViewDemo.app; sourceTree = BUILT_PRODUCTS_DIR; };
		7D46863D1CA5263A0089C336 /* main.m */ = {isa = PBXFileReference; lastKnownFileType = sourcecode.c.objc; path = main.m; sourceTree = "<group>"; };
		7D46863F1CA5263A0089C336 /* AppDelegate.h */ = {isa = PBXFileReference; lastKnownFileType = sourcecode.c.h; path = AppDelegate.h; sourceTree = "<group>"; };
		7D4686401CA5263A0089C336 /* AppDelegate.m */ = {isa = PBXFileReference; lastKnownFileType = sourcecode.c.objc; path = AppDelegate.m; sourceTree = "<group>"; };
		7D4686421CA5263A0089C336 /* ViewController.h */ = {isa = PBXFileReference; lastKnownFileType = sourcecode.c.h; path = ViewController.h; sourceTree = "<group>"; };
		7D4686431CA5263A0089C336 /* ViewController.m */ = {isa = PBXFileReference; lastKnownFileType = sourcecode.c.objc; path = ViewController.m; sourceTree = "<group>"; };
		7D4686461CA5263A0089C336 /* Base */ = {isa = PBXFileReference; lastKnownFileType = file.storyboard; name = Base; path = Base.lproj/Main.storyboard; sourceTree = "<group>"; };
		7D4686481CA5263A0089C336 /* Assets.xcassets */ = {isa = PBXFileReference; lastKnownFileType = folder.assetcatalog; path = Assets.xcassets; sourceTree = "<group>"; };
		7D46864B1CA5263A0089C336 /* Base */ = {isa = PBXFileReference; lastKnownFileType = file.storyboard; name = Base; path = Base.lproj/LaunchScreen.storyboard; sourceTree = "<group>"; };
		7D46864D1CA5263A0089C336 /* Info.plist */ = {isa = PBXFileReference; lastKnownFileType = text.plist.xml; path = Info.plist; sourceTree = "<group>"; };
		7D4686521CA5263A0089C336 /* EBTRefreshViewDemoTests.xctest */ = {isa = PBXFileReference; explicitFileType = wrapper.cfbundle; includeInIndex = 0; path = EBTRefreshViewDemoTests.xctest; sourceTree = BUILT_PRODUCTS_DIR; };
		7D4686561CA5263A0089C336 /* EBTRefreshViewDemoTests.m */ = {isa = PBXFileReference; lastKnownFileType = sourcecode.c.objc; path = EBTRefreshViewDemoTests.m; sourceTree = "<group>"; };
		7D4686581CA5263A0089C336 /* Info.plist */ = {isa = PBXFileReference; lastKnownFileType = text.plist.xml; path = Info.plist; sourceTree = "<group>"; };
		7D46865D1CA5263A0089C336 /* EBTRefreshViewDemoUITests.xctest */ = {isa = PBXFileReference; explicitFileType = wrapper.cfbundle; includeInIndex = 0; path = EBTRefreshViewDemoUITests.xctest; sourceTree = BUILT_PRODUCTS_DIR; };
		7D4686611CA5263A0089C336 /* EBTRefreshViewDemoUITests.m */ = {isa = PBXFileReference; lastKnownFileType = sourcecode.c.objc; path = EBTRefreshViewDemoUITests.m; sourceTree = "<group>"; };
		7D4686631CA5263A0089C336 /* Info.plist */ = {isa = PBXFileReference; lastKnownFileType = text.plist.xml; path = Info.plist; sourceTree = "<group>"; };
		7D4686701CA526DD0089C336 /* EBTRefreshView.h */ = {isa = PBXFileReference; fileEncoding = 4; lastKnownFileType = sourcecode.c.h; path = EBTRefreshView.h; sourceTree = "<group>"; };
		7D4686711CA526DD0089C336 /* EBTRefreshView.m */ = {isa = PBXFileReference; fileEncoding = 4; lastKnownFileType = sourcecode.c.objc; path = EBTRefreshView.m; sourceTree = "<group>"; };
/* End PBXFileReference section */

/* Begin PBXFrameworksBuildPhase section */
		7D4686361CA5263A0089C336 /* Frameworks */ = {
			isa = PBXFrameworksBuildPhase;
			buildActionMask = 2147483647;
			files = (
			);
			runOnlyForDeploymentPostprocessing = 0;
		};
		7D46864F1CA5263A0089C336 /* Frameworks */ = {
			isa = PBXFrameworksBuildPhase;
			buildActionMask = 2147483647;
			files = (
			);
			runOnlyForDeploymentPostprocessing = 0;
		};
		7D46865A1CA5263A0089C336 /* Frameworks */ = {
			isa = PBXFrameworksBuildPhase;
			buildActionMask = 2147483647;
			files = (
			);
			runOnlyForDeploymentPostprocessing = 0;
		};
/* End PBXFrameworksBuildPhase section */

/* Begin PBXGroup section */
		7D4686301CA526390089C336 = {
			isa = PBXGroup;
			children = (
				7D46863B1CA5263A0089C336 /* EBTRefreshViewDemo */,
				7D4686551CA5263A0089C336 /* EBTRefreshViewDemoTests */,
				7D4686601CA5263A0089C336 /* EBTRefreshViewDemoUITests */,
				7D46863A1CA5263A0089C336 /* Products */,
			);
			sourceTree = "<group>";
		};
		7D46863A1CA5263A0089C336 /* Products */ = {
			isa = PBXGroup;
			children = (
				7D4686391CA5263A0089C336 /* EBTRefreshViewDemo.app */,
				7D4686521CA5263A0089C336 /* EBTRefreshViewDemoTests.xctest */,
				7D46865D1CA5263A0089C336 /* EBTRefreshViewDemoUITests.xctest */,
			);
			name = Products;
			sourceTree = "<group>";
		};
		7D46863B1CA5263A0089C336 /* EBTRefreshViewDemo */ = {
			isa = PBXGroup;
			children = (
				7D46866F1CA526BD0089C336 /* EBTRefreshView */,
				7D46863F1CA5263A0089C336 /* AppDelegate.h */,
				7D4686401CA5263A0089C336 /* AppDelegate.m */,
				7D4686421CA5263A0089C336 /* ViewController.h */,
				7D4686431CA5263A0089C336 /* ViewController.m */,
				7D4686451CA5263A0089C336 /* Main.storyboard */,
				7D4686481CA5263A0089C336 /* Assets.xcassets */,
				7D46864A1CA5263A0089C336 /* LaunchScreen.storyboard */,
				7D46864D1CA5263A0089C336 /* Info.plist */,
				7D46863C1CA5263A0089C336 /* Supporting Files */,
			);
			path = EBTRefreshViewDemo;
			sourceTree = "<group>";
		};
		7D46863C1CA5263A0089C336 /* Supporting Files */ = {
			isa = PBXGroup;
			children = (
				7D46863D1CA5263A0089C336 /* main.m */,
			);
			name = "Supporting Files";
			sourceTree = "<group>";
		};
		7D4686551CA5263A0089C336 /* EBTRefreshViewDemoTests */ = {
			isa = PBXGroup;
			children = (
				7D4686561CA5263A0089C336 /* EBTRefreshViewDemoTests.m */,
				7D4686581CA5263A0089C336 /* Info.plist */,
			);
			path = EBTRefreshViewDemoTests;
			sourceTree = "<group>";
		};
		7D4686601CA5263A0089C336 /* EBTRefreshViewDemoUITests */ = {
			isa = PBXGroup;
			children = (
				7D4686611CA5263A0089C336 /* EBTRefreshViewDemoUITests.m */,
				7D4686631CA5263A0089C336 /* Info.plist */,
			);
			path = EBTRefreshViewDemoUITests;
			sourceTree = "<group>";
		};
		7D46866F1CA526BD0089C336 /* EBTRefreshView */ = {
			isa = PBXGroup;
			children = (
				7D4686701CA526DD0089C336 /* EBTRefreshView.h */,
				7D4686711CA526DD0089C336 /* EBTRefreshView.m */,
			);
			name = EBTRefreshView;
			sourceTree = "<group>";
		};
/* End PBXGroup section */

/* Begin PBXNativeTarget section */
		7D4686381CA5263A0089C336 /* EBTRefreshViewDemo */ = {
			isa = PBXNativeTarget;
			buildConfigurationList = 7D4686661CA5263A0089C336 /* Build configuration list for PBXNativeTarget "EBTRefreshViewDemo" */;
			buildPhases = (
				7D4686351CA5263A0089C336 /* Sources */,
				7D4686361CA5263A0089C336 /* Frameworks */,
				7D4686371CA5263A0089C336 /* Resources */,
			);
			buildRules = (
			);
			dependencies = (
			);
			name = EBTRefreshViewDemo;
			productName = EBTRefreshViewDemo;
			productReference = 7D4686391CA5263A0089C336 /* EBTRefreshViewDemo.app */;
			productType = "com.apple.product-type.application";
		};
		7D4686511CA5263A0089C336 /* EBTRefreshViewDemoTests */ = {
			isa = PBXNativeTarget;
			buildConfigurationList = 7D4686691CA5263A0089C336 /* Build configuration list for PBXNativeTarget "EBTRefreshViewDemoTests" */;
			buildPhases = (
				7D46864E1CA5263A0089C336 /* Sources */,
				7D46864F1CA5263A0089C336 /* Frameworks */,
				7D4686501CA5263A0089C336 /* Resources */,
			);
			buildRules = (
			);
			dependencies = (
				7D4686541CA5263A0089C336 /* PBXTargetDependency */,
			);
			name = EBTRefreshViewDemoTests;
			productName = EBTRefreshViewDemoTests;
			productReference = 7D4686521CA5263A0089C336 /* EBTRefreshViewDemoTests.xctest */;
			productType = "com.apple.product-type.bundle.unit-test";
		};
		7D46865C1CA5263A0089C336 /* EBTRefreshViewDemoUITests */ = {
			isa = PBXNativeTarget;
			buildConfigurationList = 7D46866C1CA5263A0089C336 /* Build configuration list for PBXNativeTarget "EBTRefreshViewDemoUITests" */;
			buildPhases = (
				7D4686591CA5263A0089C336 /* Sources */,
				7D46865A1CA5263A0089C336 /* Frameworks */,
				7D46865B1CA5263A0089C336 /* Resources */,
			);
			buildRules = (
			);
			dependencies = (
				7D46865F1CA5263A0089C336 /* PBXTargetDependency */,
			);
			name = EBTRefreshViewDemoUITests;
			productName = EBTRefreshViewDemoUITests;
			productReference = 7D46865D1CA5263A0089C336 /* EBTRefreshViewDemoUITests.xctest */;
			productType = "com.apple.product-type.bundle.ui-testing";
		};
/* End PBXNativeTarget section */

/* Begin PBXProject section */
		7D4686311CA5263A0089C336 /* Project object */ = {
			isa = PBXProject;
			attributes = {
				LastUpgradeCheck = 0720;
				ORGANIZATIONNAME = com.csst;
				TargetAttributes = {
					7D4686381CA5263A0089C336 = {
						CreatedOnToolsVersion = 7.2;
					};
					7D4686511CA5263A0089C336 = {
						CreatedOnToolsVersion = 7.2;
						TestTargetID = 7D4686381CA5263A0089C336;
					};
					7D46865C1CA5263A0089C336 = {
						CreatedOnToolsVersion = 7.2;
						TestTargetID = 7D4686381CA5263A0089C336;
					};
				};
			};
			buildConfigurationList = 7D4686341CA5263A0089C336 /* Build configuration list for PBXProject "EBTRefreshViewDemo" */;
			compatibilityVersion = "Xcode 3.2";
			developmentRegion = English;
			hasScannedForEncodings = 0;
			knownRegions = (
				en,
				Base,
			);
			mainGroup = 7D4686301CA526390089C336;
			productRefGroup = 7D46863A1CA5263A0089C336 /* Products */;
			projectDirPath = "";
			projectRoot = "";
			targets = (
				7D4686381CA5263A0089C336 /* EBTRefreshViewDemo */,
				7D4686511CA5263A0089C336 /* EBTRefreshViewDemoTests */,
				7D46865C1CA5263A0089C336 /* EBTRefreshViewDemoUITests */,
			);
		};
/* End PBXProject section */

/* Begin PBXResourcesBuildPhase section */
		7D4686371CA5263A0089C336 /* Resources */ = {
			isa = PBXResourcesBuildPhase;
			buildActionMask = 2147483647;
			files = (
				7D46864C1CA5263A0089C336 /* LaunchScreen.storyboard in Resources */,
				7D4686491CA5263A0089C336 /* Assets.xcassets in Resources */,
				7D4686471CA5263A0089C336 /* Main.storyboard in Resources */,
			);
			runOnlyForDeploymentPostprocessing = 0;
		};
		7D4686501CA5263A0089C336 /* Resources */ = {
			isa = PBXResourcesBuildPhase;
			buildActionMask = 2147483647;
			files = (
			);
			runOnlyForDeploymentPostprocessing = 0;
		};
		7D46865B1CA5263A0089C336 /* Resources */ = {
			isa = PBXResourcesBuildPhase;
			buildActionMask = 2147483647;
			files = (
			);
			runOnlyForDeploymentPostprocessing = 0;
		};
/* End PBXResourcesBuildPhase section */

/* Begin PBXSourcesBuildPhase section */
		7D4686351CA5263A0089C336 /* Sources */ = {
			isa = PBXSourcesBuildPhase;
			buildActionMask = 2147483647;
			files = (
				7D4686721CA526DD0089C336 /* EBTRefreshView.m in Sources */,
				7D4686441CA5263A0089C336 /* ViewController.m in Sources */,
				7D4686411CA5263A0089C336 /* AppDelegate.m in Sources */,
				7D46863E1CA5263A0089C336 /* main.m in Sources */,
			);
			runOnlyForDeploymentPostprocessing = 0;
		};
		7D46864E1CA5263A0089C336 /* Sources */ = {
			isa = PBXSourcesBuildPhase;
			buildActionMask = 2147483647;
			files = (
				7D4686571CA5263A0089C336 /* EBTRefreshViewDemoTests.m in Sources */,
			);
			runOnlyForDeploymentPostprocessing = 0;
		};
		7D4686591CA5263A0089C336 /* Sources */ = {
			isa = PBXSourcesBuildPhase;
			buildActionMask = 2147483647;
			files = (
				7D4686621CA5263A0089C336 /* EBTRefreshViewDemoUITests.m in Sources */,
			);
			runOnlyForDeploymentPostprocessing = 0;
		};
/* End PBXSourcesBuildPhase section */

/* Begin PBXTargetDependency section */
		7D4686541CA5263A0089C336 /* PBXTargetDependency */ = {
			isa = PBXTargetDependency;
			target = 7D4686381CA5263A0089C336 /* EBTRefreshViewDemo */;
			targetProxy = 7D4686531CA5263A0089C336 /* PBXContainerItemProxy */;
		};
		7D46865F1CA5263A0089C336 /* PBXTargetDependency */ = {
			isa = PBXTargetDependency;
			target = 7D4686381CA5263A0089C336 /* EBTRefreshViewDemo */;
			targetProxy = 7D46865E1CA5263A0089C336 /* PBXContainerItemProxy */;
		};
/* End PBXTargetDependency section */

/* Begin PBXVariantGroup section */
		7D4686451CA5263A0089C336 /* Main.storyboard */ = {
			isa = PBXVariantGroup;
			children = (
				7D4686461CA5263A0089C336 /* Base */,
			);
			name = Main.storyboard;
			sourceTree = "<group>";
		};
		7D46864A1CA5263A0089C336 /* LaunchScreen.storyboard */ = {
			isa = PBXVariantGroup;
			children = (
				7D46864B1CA5263A0089C336 /* Base */,
			);
			name = LaunchScreen.storyboard;
			sourceTree = "<group>";
		};
/* End PBXVariantGroup section */

/* Begin XCBuildConfiguration section */
		7D4686641CA5263A0089C336 /* Debug */ = {
			isa = XCBuildConfiguration;
			buildSettings = {
				ALWAYS_SEARCH_USER_PATHS = NO;
				CLANG_CXX_LANGUAGE_STANDARD = "gnu++0x";
				CLANG_CXX_LIBRARY = "libc++";
				CLANG_ENABLE_MODULES = YES;
				CLANG_ENABLE_OBJC_ARC = YES;
				CLANG_WARN_BOOL_CONVERSION = YES;
				CLANG_WARN_CONSTANT_CONVERSION = YES;
				CLANG_WARN_DIRECT_OBJC_ISA_USAGE = YES_ERROR;
				CLANG_WARN_EMPTY_BODY = YES;
				CLANG_WARN_ENUM_CONVERSION = YES;
				CLANG_WARN_INT_CONVERSION = YES;
				CLANG_WARN_OBJC_ROOT_CLASS = YES_ERROR;
				CLANG_WARN_UNREACHABLE_CODE = YES;
				CLANG_WARN__DUPLICATE_METHOD_MATCH = YES;
				"CODE_SIGN_IDENTITY[sdk=iphoneos*]" = "iPhone Developer";
				COPY_PHASE_STRIP = NO;
				DEBUG_INFORMATION_FORMAT = dwarf;
				ENABLE_STRICT_OBJC_MSGSEND = YES;
				ENABLE_TESTABILITY = YES;
				GCC_C_LANGUAGE_STANDARD = gnu99;
				GCC_DYNAMIC_NO_PIC = NO;
				GCC_NO_COMMON_BLOCKS = YES;
				GCC_OPTIMIZATION_LEVEL = 0;
				GCC_PREPROCESSOR_DEFINITIONS = (
					"DEBUG=1",
					"$(inherited)",
				);
				GCC_WARN_64_TO_32_BIT_CONVERSION = YES;
				GCC_WARN_ABOUT_RETURN_TYPE = YES_ERROR;
				GCC_WARN_UNDECLARED_SELECTOR = YES;
				GCC_WARN_UNINITIALIZED_AUTOS = YES_AGGRESSIVE;
				GCC_WARN_UNUSED_FUNCTION = YES;
				GCC_WARN_UNUSED_VARIABLE = YES;
				IPHONEOS_DEPLOYMENT_TARGET = 9.2;
				MTL_ENABLE_DEBUG_INFO = YES;
				ONLY_ACTIVE_ARCH = YES;
				SDKROOT = iphoneos;
			};
			name = Debug;
		};
		7D4686651CA5263A0089C336 /* Release */ = {
			isa = XCBuildConfiguration;
			buildSettings = {
				ALWAYS_SEARCH_USER_PATHS = NO;
				CLANG_CXX_LANGUAGE_STANDARD = "gnu++0x";
				CLANG_CXX_LIBRARY = "libc++";
				CLANG_ENABLE_MODULES = YES;
				CLANG_ENABLE_OBJC_ARC = YES;
				CLANG_WARN_BOOL_CONVERSION = YES;
				CLANG_WARN_CONSTANT_CONVERSION = YES;
				CLANG_WARN_DIRECT_OBJC_ISA_USAGE = YES_ERROR;
				CLANG_WARN_EMPTY_BODY = YES;
				CLANG_WARN_ENUM_CONVERSION = YES;
				CLANG_WARN_INT_CONVERSION = YES;
				CLANG_WARN_OBJC_ROOT_CLASS = YES_ERROR;
				CLANG_WARN_UNREACHABLE_CODE = YES;
				CLANG_WARN__DUPLICATE_METHOD_MATCH = YES;
				"CODE_SIGN_IDENTITY[sdk=iphoneos*]" = "iPhone Developer";
				COPY_PHASE_STRIP = NO;
				DEBUG_INFORMATION_FORMAT = "dwarf-with-dsym";
				ENABLE_NS_ASSERTIONS = NO;
				ENABLE_STRICT_OBJC_MSGSEND = YES;
				GCC_C_LANGUAGE_STANDARD = gnu99;
				GCC_NO_COMMON_BLOCKS = YES;
				GCC_WARN_64_TO_32_BIT_CONVERSION = YES;
				GCC_WARN_ABOUT_RETURN_TYPE = YES_ERROR;
				GCC_WARN_UNDECLARED_SELECTOR = YES;
				GCC_WARN_UNINITIALIZED_AUTOS = YES_AGGRESSIVE;
				GCC_WARN_UNUSED_FUNCTION = YES;
				GCC_WARN_UNUSED_VARIABLE = YES;
				IPHONEOS_DEPLOYMENT_TARGET = 9.2;
				MTL_ENABLE_DEBUG_INFO = NO;
				SDKROOT = iphoneos;
				VALIDATE_PRODUCT = YES;
			};
			name = Release;
		};
		7D4686671CA5263A0089C336 /* Debug */ = {
			isa = XCBuildConfiguration;
			buildSettings = {
				ASSETCATALOG_COMPILER_APPICON_NAME = AppIcon;
				INFOPLIST_FILE = EBTRefreshViewDemo/Info.plist;
				LD_RUNPATH_SEARCH_PATHS = "$(inherited) @executable_path/Frameworks";
				PRODUCT_BUNDLE_IDENTIFIER = com.csst.www.EBTRefreshViewDemo;
				PRODUCT_NAME = "$(TARGET_NAME)";
			};
			name = Debug;
		};
		7D4686681CA5263A0089C336 /* Release */ = {
			isa = XCBuildConfiguration;
			buildSettings = {
				ASSETCATALOG_COMPILER_APPICON_NAME = AppIcon;
				INFOPLIST_FILE = EBTRefreshViewDemo/Info.plist;
				LD_RUNPATH_SEARCH_PATHS = "$(inherited) @executable_path/Frameworks";
				PRODUCT_BUNDLE_IDENTIFIER = com.csst.www.EBTRefreshViewDemo;
				PRODUCT_NAME = "$(TARGET_NAME)";
			};
			name = Release;
		};
		7D46866A1CA5263A0089C336 /* Debug */ = {
			isa = XCBuildConfiguration;
			buildSettings = {
				BUNDLE_LOADER = "$(TEST_HOST)";
				INFOPLIST_FILE = EBTRefreshViewDemoTests/Info.plist;
				LD_RUNPATH_SEARCH_PATHS = "$(inherited) @executable_path/Frameworks @loader_path/Frameworks";
				PRODUCT_BUNDLE_IDENTIFIER = com.csst.www.EBTRefreshViewDemoTests;
				PRODUCT_NAME = "$(TARGET_NAME)";
				TEST_HOST = "$(BUILT_PRODUCTS_DIR)/EBTRefreshViewDemo.app/EBTRefreshViewDemo";
			};
			name = Debug;
		};
		7D46866B1CA5263A0089C336 /* Release */ = {
			isa = XCBuildConfiguration;
			buildSettings = {
				BUNDLE_LOADER = "$(TEST_HOST)";
				INFOPLIST_FILE = EBTRefreshViewDemoTests/Info.plist;
				LD_RUNPATH_SEARCH_PATHS = "$(inherited) @executable_path/Frameworks @loader_path/Frameworks";
				PRODUCT_BUNDLE_IDENTIFIER = com.csst.www.EBTRefreshViewDemoTests;
				PRODUCT_NAME = "$(TARGET_NAME)";
				TEST_HOST = "$(BUILT_PRODUCTS_DIR)/EBTRefreshViewDemo.app/EBTRefreshViewDemo";
			};
			name = Release;
		};
		7D46866D1CA5263A0089C336 /* Debug */ = {
			isa = XCBuildConfiguration;
			buildSettings = {
				INFOPLIST_FILE = EBTRefreshViewDemoUITests/Info.plist;
				LD_RUNPATH_SEARCH_PATHS = "$(inherited) @executable_path/Frameworks @loader_path/Frameworks";
				PRODUCT_BUNDLE_IDENTIFIER = com.csst.www.EBTRefreshViewDemoUITests;
				PRODUCT_NAME = "$(TARGET_NAME)";
				TEST_TARGET_NAME = EBTRefreshViewDemo;
				USES_XCTRUNNER = YES;
			};
			name = Debug;
		};
		7D46866E1CA5263A0089C336 /* Release */ = {
			isa = XCBuildConfiguration;
			buildSettings = {
				INFOPLIST_FILE = EBTRefreshViewDemoUITests/Info.plist;
				LD_RUNPATH_SEARCH_PATHS = "$(inherited) @executable_path/Frameworks @loader_path/Frameworks";
				PRODUCT_BUNDLE_IDENTIFIER = com.csst.www.EBTRefreshViewDemoUITests;
				PRODUCT_NAME = "$(TARGET_NAME)";
				TEST_TARGET_NAME = EBTRefreshViewDemo;
				USES_XCTRUNNER = YES;
			};
			name = Release;
		};
/* End XCBuildConfiguration section */

/* Begin XCConfigurationList section */
		7D4686341CA5263A0089C336 /* Build configuration list for PBXProject "EBTRefreshViewDemo" */ = {
			isa = XCConfigurationList;
			buildConfigurations = (
				7D4686641CA5263A0089C336 /* Debug */,
				7D4686651CA5263A0089C336 /* Release */,
			);
			defaultConfigurationIsVisible = 0;
			defaultConfigurationName = Release;
		};
		7D4686661CA5263A0089C336 /* Build configuration list for PBXNativeTarget "EBTRefreshViewDemo" */ = {
			isa = XCConfigurationList;
			buildConfigurations = (
				7D4686671CA5263A0089C336 /* Debug */,
				7D4686681CA5263A0089C336 /* Release */,
			);
			defaultConfigurationIsVisible = 0;
		};
		7D4686691CA5263A0089C336 /* Build configuration list for PBXNativeTarget "EBTRefreshViewDemoTests" */ = {
			isa = XCConfigurationList;
			buildConfigurations = (
				7D46866A1CA5263A0089C336 /* Debug */,
				7D46866B1CA5263A0089C336 /* Release */,
			);
			defaultConfigurationIsVisible = 0;
		};
		7D46866C1CA5263A0089C336 /* Build configuration list for PBXNativeTarget "EBTRefreshViewDemoUITests" */ = {
			isa = XCConfigurationList;
			buildConfigurations = (
				7D46866D1CA5263A0089C336 /* Debug */,
				7D46866E1CA5263A0089C336 /* Release */,
			);
			defaultConfigurationIsVisible = 0;
		};
/* End XCConfigurationList section */
	};
	rootObject = 7D4686311CA5263A0089C336 /* Project object */;
}
